
Microsoft Visual Studio Solution File, Format Version 12.00
# Visual Studio Version 17
VisualStudioVersion = 17.7.34031.279
MinimumVisualStudioVersion = 10.0.40219.1
Project("{8BC9CEB8-8B4A-11D0-8D11-00A0C91BC942}") = "BOJ", "BOJ\BOJ.vcxproj", "{0214F377-48BB-4F5E-BF98-C6BCDABBC96D}"
EndProject
Global
	GlobalSection(SolutionConfigurationPlatforms) = preSolution
		Debug|x64 = Debug|x64
		Debug|x86 = Debug|x86
		Release|x64 = Release|x64
		Release|x86 = Release|x86
	EndGlobalSection
	GlobalSection(ProjectConfigurationPlatforms) = postSolution
		{0214F377-48BB-4F5E-BF98-C6BCDABBC96D}.Debug|x64.ActiveCfg = Debug|x64
		{0214F377-48BB-4F5E-BF98-C6BCDABBC96D}.Debug|x64.Build.0 = Debug|x64
		{0214F377-48BB-4F5E-BF98-C6BCDABBC96D}.Debug|x86.ActiveCfg = Debug|Win32
		{0214F377-48BB-4F5E-BF98-C6BCDABBC96D}.Debug|x86.Build.0 = Debug|Win32
		{0214F377-48BB-4F5E-BF98-C6BCDABBC96D}.Release|x64.ActiveCfg = Release|x64
		{0214F377-48BB-4F5E-BF98-C6BCDABBC96D}.Release|x64.Build.0 = Release|x64
		{0214F377-48BB-4F5E-BF98-C6BCDABBC96D}.Release|x86.ActiveCfg = Release|Win32
		{0214F377-48BB-4F5E-BF98-C6BCDABBC96D}.Release|x86.Build.0 = Release|Win32
	EndGlobalSection
	GlobalSection(SolutionProperties) = preSolution
		HideSolutionNode = FALSE
	EndGlobalSection
	GlobalSection(ExtensibilityGlobals) = postSolution
		SolutionGuid = {EE9FD701-0E4E-4A13-8FD1-4EF1B3267A7F}
	EndGlobalSection
EndGlobal
